
Microsoft Visual Studio Solution File, Format Version 12.00
# Visual Studio 15
VisualStudioVersion = 15.0.28307.539
MinimumVisualStudioVersion = 10.0.40219.1
Project("{FAE04EC0-301F-11D3-BF4B-00C04F79EFBC}") = "ExercicioInterfaceServico", "ExercicioInterfaceServico\ExercicioInterfaceServico.csproj", "{346FF8C1-26EB-4BC8-9F28-AEC8C220A470}"
EndProject
Global
	GlobalSection(SolutionConfigurationPlatforms) = preSolution
		Debug|Any CPU = Debug|Any CPU
		Release|Any CPU = Release|Any CPU
	EndGlobalSection
	GlobalSection(ProjectConfigurationPlatforms) = postSolution
		{346FF8C1-26EB-4BC8-9F28-AEC8C220A470}.Debug|Any CPU.ActiveCfg = Debug|Any CPU
		{346FF8C1-26EB-4BC8-9F28-AEC8C220A470}.Debug|Any CPU.Build.0 = Debug|Any CPU
		{346FF8C1-26EB-4BC8-9F28-AEC8C220A470}.Release|Any CPU.ActiveCfg = Release|Any CPU
		{346FF8C1-26EB-4BC8-9F28-AEC8C220A470}.Release|Any CPU.Build.0 = Release|Any CPU
	EndGlobalSection
	GlobalSection(SolutionProperties) = preSolution
		HideSolutionNode = FALSE
	EndGlobalSection
	GlobalSection(ExtensibilityGlobals) = postSolution
		SolutionGuid = {DE7AE40B-5028-4302-9530-B32F1926B404}
	EndGlobalSection
EndGlobal
